PODS:
  - AFNetworking (3.2.1):
    - AFNetworking/NSURLSession (= 3.2.1)
    - AFNetworking/Reachability (= 3.2.1)
    - AFNetworking/Security (= 3.2.1)
    - AFNetworking/Serialization (= 3.2.1)
    - AFNetworking/UIKit (= 3.2.1)
  - AFNetworking/NSURLSession (3.2.1):
    - AFNetworking/Reachability
    - AFNetworking/Security
    - AFNetworking/Serialization
  - AFNetworking/Reachability (3.2.1)
  - AFNetworking/Security (3.2.1)
  - AFNetworking/Serialization (3.2.1)
  - AFNetworking/UIKit (3.2.1):
    - AFNetworking/NSURLSession
  - AppsFlyerFramework (4.8.9)
  - Masonry (1.1.0)
  - YYImage (1.0.4):
    - YYImage/Core (= 1.0.4)
  - YYImage/Core (1.0.4)

DEPENDENCIES:
  - AFNetworking
  - AppsFlyerFramework
  - Masonry
  - YYImage

SPEC REPOS:
  https://github.com/CocoaPods/Specs.git:
    - AFNetworking
    - AppsFlyerFramework
    - Masonry
    - YYImage

SPEC CHECKSUMS:
  AFNetworking: b6f891fdfaed196b46c7a83cf209e09697b94057
  AppsFlyerFramework: 0fc823ec9b77f913e4108caa82c969be033058b1
  Masonry: 678fab65091a9290e40e2832a55e7ab731aad201
  YYImage: 1e1b62a9997399593e4b9c4ecfbbabbf1d3f3b54

PODFILE CHECKSUM: 711fc661da0b106c5c47b9dff71bc1546abc6f2d

COCOAPODS: 1.5.0
